// !$*UTF8*$!
{
	archiveVersion = 1;
	classes = {
	};
	objectVersion = 51;
	objects = {

/* Begin PBXBuildFile section */
		09284085522DE0763E789E90 /* Pods_ConversorMoedas.framework in Frameworks */ = {isa = PBXBuildFile; fileRef = C6FE3116227100CBCBF860F9 /* Pods_ConversorMoedas.framework */; };
		3CEC2C5C9133879D1599D1D5 /* Pods_ConversorMoedasTests.framework in Frameworks */ = {isa = PBXBuildFile; fileRef = 582DE07992C3CAE1D3A07F4C /* Pods_ConversorMoedasTests.framework */; };
		483F0A342341D37B18A58464 /* Historico.swift in Sources */ = {isa = PBXBuildFile; fileRef = 483F023DCB222BA0137313E1 /* Historico.swift */; };
		6E174CC823C7C24E000EBFB9 /* Moeda.swift in Sources */ = {isa = PBXBuildFile; fileRef = 6E174CC723C7C24E000EBFB9 /* Moeda.swift */; };
		6E587AF123C91905007B729F /* HistoricoCell.swift in Sources */ = {isa = PBXBuildFile; fileRef = 6E587AF023C91905007B729F /* HistoricoCell.swift */; };
		6E587AF323C91AF1007B729F /* HistoricoController.swift in Sources */ = {isa = PBXBuildFile; fileRef = 6E587AF223C91AF1007B729F /* HistoricoController.swift */; };
		6E9BB1E223C6574300AB77A0 /* AppDelegate.swift in Sources */ = {isa = PBXBuildFile; fileRef = 6E9BB1E123C6574300AB77A0 /* AppDelegate.swift */; };
		6E9BB1E423C6574300AB77A0 /* SceneDelegate.swift in Sources */ = {isa = PBXBuildFile; fileRef = 6E9BB1E323C6574300AB77A0 /* SceneDelegate.swift */; };
		6E9BB1E623C6574300AB77A0 /* ViewController.swift in Sources */ = {isa = PBXBuildFile; fileRef = 6E9BB1E523C6574300AB77A0 /* ViewController.swift */; };
		6E9BB1E923C6574300AB77A0 /* Main.storyboard in Resources */ = {isa = PBXBuildFile; fileRef = 6E9BB1E723C6574300AB77A0 /* Main.storyboard */; };
		6E9BB1EC23C6574300AB77A0 /* ConversorMoedas.xcdatamodeld in Sources */ = {isa = PBXBuildFile; fileRef = 6E9BB1EA23C6574300AB77A0 /* ConversorMoedas.xcdatamodeld */; };
		6E9BB1EE23C6574400AB77A0 /* Assets.xcassets in Resources */ = {isa = PBXBuildFile; fileRef = 6E9BB1ED23C6574400AB77A0 /* Assets.xcassets */; };
		6E9BB1F123C6574400AB77A0 /* LaunchScreen.storyboard in Resources */ = {isa = PBXBuildFile; fileRef = 6E9BB1EF23C6574400AB77A0 /* LaunchScreen.storyboard */; };
		6E9BB1FC23C6574500AB77A0 /* ConversorMoedasTests.swift in Sources */ = {isa = PBXBuildFile; fileRef = 6E9BB1FB23C6574500AB77A0 /* ConversorMoedasTests.swift */; };
		6E9BB20723C6574500AB77A0 /* ConversorMoedasUITests.swift in Sources */ = {isa = PBXBuildFile; fileRef = 6E9BB20623C6574500AB77A0 /* ConversorMoedasUITests.swift */; };
		6E9BB21523C658A600AB77A0 /* LoginController.swift in Sources */ = {isa = PBXBuildFile; fileRef = 6E9BB21423C658A600AB77A0 /* LoginController.swift */; };
		6EF7701C23C6633C00B8D266 /* Button.swift in Sources */ = {isa = PBXBuildFile; fileRef = 6EF7701B23C6633C00B8D266 /* Button.swift */; };
		6EF7701E23C676B600B8D266 /* CambioConverter.swift in Sources */ = {isa = PBXBuildFile; fileRef = 6EF7701D23C676B600B8D266 /* CambioConverter.swift */; };
		6EF7706023C681CA00B8D266 /* CambioCell.swift in Sources */ = {isa = PBXBuildFile; fileRef = 6EF7705F23C681CA00B8D266 /* CambioCell.swift */; };
/* End PBXBuildFile section */

/* Begin PBXContainerItemProxy section */
		6E9BB1F823C6574500AB77A0 /* PBXContainerItemProxy */ = {
			isa = PBXContainerItemProxy;
			containerPortal = 6E9BB1D623C6574300AB77A0 /* Project object */;
			proxyType = 1;
			remoteGlobalIDString = 6E9BB1DD23C6574300AB77A0;
			remoteInfo = ConversorMoedas;
		};
		6E9BB20323C6574500AB77A0 /* PBXContainerItemProxy */ = {
			isa = PBXContainerItemProxy;
			containerPortal = 6E9BB1D623C6574300AB77A0 /* Project object */;
			proxyType = 1;
			remoteGlobalIDString = 6E9BB1DD23C6574300AB77A0;
			remoteInfo = ConversorMoedas;
		};
/* End PBXContainerItemProxy section */

/* Begin PBXFileReference section */
		0A64E7012836070944CDB022 /* Pods-ConversorMoedasTests.release.xcconfig */ = {isa = PBXFileReference; includeInIndex = 1; lastKnownFileType = text.xcconfig; name = "Pods-ConversorMoedasTests.release.xcconfig"; path = "Target Support Files/Pods-ConversorMoedasTests/Pods-ConversorMoedasTests.release.xcconfig"; sourceTree = "<group>"; };
		483F023DCB222BA0137313E1 /* Historico.swift */ = {isa = PBXFileReference; fileEncoding = 4; lastKnownFileType = sourcecode.swift; path = Historico.swift; sourceTree = "<group>"; };
		582DE07992C3CAE1D3A07F4C /* Pods_ConversorMoedasTests.framework */ = {isa = PBXFileReference; explicitFileType = wrapper.framework; includeInIndex = 0; path = Pods_ConversorMoedasTests.framework; sourceTree = BUILT_PRODUCTS_DIR; };
		6E174CC723C7C24E000EBFB9 /* Moeda.swift */ = {isa = PBXFileReference; lastKnownFileType = sourcecode.swift; path = Moeda.swift; sourceTree = "<group>"; };
		6E587AF023C91905007B729F /* HistoricoCell.swift */ = {isa = PBXFileReference; lastKnownFileType = sourcecode.swift; path = HistoricoCell.swift; sourceTree = "<group>"; };
		6E587AF223C91AF1007B729F /* HistoricoController.swift */ = {isa = PBXFileReference; lastKnownFileType = sourcecode.swift; path = HistoricoController.swift; sourceTree = "<group>"; };
		6E9BB1DE23C6574300AB77A0 /* ConversorMoedas.app */ = {isa = PBXFileReference; explicitFileType = wrapper.application; includeInIndex = 0; path = ConversorMoedas.app; sourceTree = BUILT_PRODUCTS_DIR; };
		6E9BB1E123C6574300AB77A0 /* AppDelegate.swift */ = {isa = PBXFileReference; lastKnownFileType = sourcecode.swift; path = AppDelegate.swift; sourceTree = "<group>"; };
		6E9BB1E323C6574300AB77A0 /* SceneDelegate.swift */ = {isa = PBXFileReference; lastKnownFileType = sourcecode.swift; path = SceneDelegate.swift; sourceTree = "<group>"; };
		6E9BB1E523C6574300AB77A0 /* ViewController.swift */ = {isa = PBXFileReference; lastKnownFileType = sourcecode.swift; path = ViewController.swift; sourceTree = "<group>"; };
		6E9BB1E823C6574300AB77A0 /* Base */ = {isa = PBXFileReference; lastKnownFileType = file.storyboard; name = Base; path = Base.lproj/Main.storyboard; sourceTree = "<group>"; };
		6E9BB1EB23C6574300AB77A0 /* ConversorMoedas.xcdatamodel */ = {isa = PBXFileReference; lastKnownFileType = wrapper.xcdatamodel; path = ConversorMoedas.xcdatamodel; sourceTree = "<group>"; };
		6E9BB1ED23C6574400AB77A0 /* Assets.xcassets */ = {isa = PBXFileReference; lastKnownFileType = folder.assetcatalog; path = Assets.xcassets; sourceTree = "<group>"; };
		6E9BB1F023C6574400AB77A0 /* Base */ = {isa = PBXFileReference; lastKnownFileType = file.storyboard; name = Base; path = Base.lproj/LaunchScreen.storyboard; sourceTree = "<group>"; };
		6E9BB1F223C6574400AB77A0 /* Info.plist */ = {isa = PBXFileReference; lastKnownFileType = text.plist.xml; path = Info.plist; sourceTree = "<group>"; };
		6E9BB1F723C6574500AB77A0 /* ConversorMoedasTests.xctest */ = {isa = PBXFileReference; explicitFileType = wrapper.cfbundle; includeInIndex = 0; path = ConversorMoedasTests.xctest; sourceTree = BUILT_PRODUCTS_DIR; };
		6E9BB1FB23C6574500AB77A0 /* ConversorMoedasTests.swift */ = {isa = PBXFileReference; lastKnownFileType = sourcecode.swift; path = ConversorMoedasTests.swift; sourceTree = "<group>"; };
		6E9BB1FD23C6574500AB77A0 /* Info.plist */ = {isa = PBXFileReference; lastKnownFileType = text.plist.xml; path = Info.plist; sourceTree = "<group>"; };
		6E9BB20223C6574500AB77A0 /* ConversorMoedasUITests.xctest */ = {isa = PBXFileReference; explicitFileType = wrapper.cfbundle; includeInIndex = 0; path = ConversorMoedasUITests.xctest; sourceTree = BUILT_PRODUCTS_DIR; };
		6E9BB20623C6574500AB77A0 /* ConversorMoedasUITests.swift */ = {isa = PBXFileReference; lastKnownFileType = sourcecode.swift; path = ConversorMoedasUITests.swift; sourceTree = "<group>"; };
		6E9BB20823C6574500AB77A0 /* Info.plist */ = {isa = PBXFileReference; lastKnownFileType = text.plist.xml; path = Info.plist; sourceTree = "<group>"; };
		6E9BB21423C658A600AB77A0 /* LoginController.swift */ = {isa = PBXFileReference; lastKnownFileType = sourcecode.swift; path = LoginController.swift; sourceTree = "<group>"; };
		6EF7701B23C6633C00B8D266 /* Button.swift */ = {isa = PBXFileReference; lastKnownFileType = sourcecode.swift; path = Button.swift; sourceTree = "<group>"; };
		6EF7701D23C676B600B8D266 /* CambioConverter.swift */ = {isa = PBXFileReference; lastKnownFileType = sourcecode.swift; path = CambioConverter.swift; sourceTree = "<group>"; };
		6EF7705F23C681CA00B8D266 /* CambioCell.swift */ = {isa = PBXFileReference; lastKnownFileType = sourcecode.swift; path = CambioCell.swift; sourceTree = "<group>"; };
		A06874E26C46BC132A4E3CBE /* Pods-ConversorMoedasTests.debug.xcconfig */ = {isa = PBXFileReference; includeInIndex = 1; lastKnownFileType = text.xcconfig; name = "Pods-ConversorMoedasTests.debug.xcconfig"; path = "Target Support Files/Pods-ConversorMoedasTests/Pods-ConversorMoedasTests.debug.xcconfig"; sourceTree = "<group>"; };
		C6FE3116227100CBCBF860F9 /* Pods_ConversorMoedas.framework */ = {isa = PBXFileReference; explicitFileType = wrapper.framework; includeInIndex = 0; path = Pods_ConversorMoedas.framework; sourceTree = BUILT_PRODUCTS_DIR; };
		CD082F13FA13E097535527ED /* Pods-ConversorMoedas.debug.xcconfig */ = {isa = PBXFileReference; includeInIndex = 1; lastKnownFileType = text.xcconfig; name = "Pods-ConversorMoedas.debug.xcconfig"; path = "Target Support Files/Pods-ConversorMoedas/Pods-ConversorMoedas.debug.xcconfig"; sourceTree = "<group>"; };
		DA753920CF1C9C0783D1B609 /* Pods-ConversorMoedas.release.xcconfig */ = {isa = PBXFileReference; includeInIndex = 1; lastKnownFileType = text.xcconfig; name = "Pods-ConversorMoedas.release.xcconfig"; path = "Target Support Files/Pods-ConversorMoedas/Pods-ConversorMoedas.release.xcconfig"; sourceTree = "<group>"; };
/* End PBXFileReference section */

/* Begin PBXFrameworksBuildPhase section */
		6E9BB1DB23C6574300AB77A0 /* Frameworks */ = {
			isa = PBXFrameworksBuildPhase;
			buildActionMask = 2147483647;
			files = (
				09284085522DE0763E789E90 /* Pods_ConversorMoedas.framework in Frameworks */,
			);
			runOnlyForDeploymentPostprocessing = 0;
		};
		6E9BB1F423C6574500AB77A0 /* Frameworks */ = {
			isa = PBXFrameworksBuildPhase;
			buildActionMask = 2147483647;
			files = (
				3CEC2C5C9133879D1599D1D5 /* Pods_ConversorMoedasTests.framework in Frameworks */,
			);
			runOnlyForDeploymentPostprocessing = 0;
		};
		6E9BB1FF23C6574500AB77A0 /* Frameworks */ = {
			isa = PBXFrameworksBuildPhase;
			buildActionMask = 2147483647;
			files = (
			);
			runOnlyForDeploymentPostprocessing = 0;
		};
/* End PBXFrameworksBuildPhase section */

/* Begin PBXGroup section */
		006AE5E4ED2A4AF16BB41793 /* Pods */ = {
			isa = PBXGroup;
			children = (
				CD082F13FA13E097535527ED /* Pods-ConversorMoedas.debug.xcconfig */,
				DA753920CF1C9C0783D1B609 /* Pods-ConversorMoedas.release.xcconfig */,
				A06874E26C46BC132A4E3CBE /* Pods-ConversorMoedasTests.debug.xcconfig */,
				0A64E7012836070944CDB022 /* Pods-ConversorMoedasTests.release.xcconfig */,
			);
			path = Pods;
			sourceTree = "<group>";
		};
		55CCAE9FD190101AFA40554B /* Frameworks */ = {
			isa = PBXGroup;
			children = (
				C6FE3116227100CBCBF860F9 /* Pods_ConversorMoedas.framework */,
				582DE07992C3CAE1D3A07F4C /* Pods_ConversorMoedasTests.framework */,
			);
			name = Frameworks;
			sourceTree = "<group>";
		};
		6E174CC623C7C23D000EBFB9 /* models */ = {
			isa = PBXGroup;
			children = (
				6E174CC723C7C24E000EBFB9 /* Moeda.swift */,
				483F023DCB222BA0137313E1 /* Historico.swift */,
			);
			path = models;
			sourceTree = "<group>";
		};
		6E9BB1D523C6574300AB77A0 = {
			isa = PBXGroup;
			children = (
				6E9BB1E023C6574300AB77A0 /* ConversorMoedas */,
				6E9BB1FA23C6574500AB77A0 /* ConversorMoedasTests */,
				6E9BB20523C6574500AB77A0 /* ConversorMoedasUITests */,
				6E9BB1DF23C6574300AB77A0 /* Products */,
				006AE5E4ED2A4AF16BB41793 /* Pods */,
				55CCAE9FD190101AFA40554B /* Frameworks */,
			);
			sourceTree = "<group>";
		};
		6E9BB1DF23C6574300AB77A0 /* Products */ = {
			isa = PBXGroup;
			children = (
				6E9BB1DE23C6574300AB77A0 /* ConversorMoedas.app */,
				6E9BB1F723C6574500AB77A0 /* ConversorMoedasTests.xctest */,
				6E9BB20223C6574500AB77A0 /* ConversorMoedasUITests.xctest */,
			);
			name = Products;
			sourceTree = "<group>";
		};
		6E9BB1E023C6574300AB77A0 /* ConversorMoedas */ = {
			isa = PBXGroup;
			children = (
				6E174CC623C7C23D000EBFB9 /* models */,
				6EF7705E23C681AE00B8D266 /* cells */,
				6EF7701A23C6632D00B8D266 /* components */,
				6E9BB21623C65A8E00AB77A0 /* controllers */,
				6E9BB1E123C6574300AB77A0 /* AppDelegate.swift */,
				6E9BB1E323C6574300AB77A0 /* SceneDelegate.swift */,
				6E9BB1E523C6574300AB77A0 /* ViewController.swift */,
				6E9BB1E723C6574300AB77A0 /* Main.storyboard */,
				6E9BB1ED23C6574400AB77A0 /* Assets.xcassets */,
				6E9BB1EF23C6574400AB77A0 /* LaunchScreen.storyboard */,
				6E9BB1F223C6574400AB77A0 /* Info.plist */,
				6E9BB1EA23C6574300AB77A0 /* ConversorMoedas.xcdatamodeld */,
			);
			path = ConversorMoedas;
			sourceTree = "<group>";
		};
		6E9BB1FA23C6574500AB77A0 /* ConversorMoedasTests */ = {
			isa = PBXGroup;
			children = (
				6E9BB1FB23C6574500AB77A0 /* ConversorMoedasTests.swift */,
				6E9BB1FD23C6574500AB77A0 /* Info.plist */,
			);
			path = ConversorMoedasTests;
			sourceTree = "<group>";
		};
		6E9BB20523C6574500AB77A0 /* ConversorMoedasUITests */ = {
			isa = PBXGroup;
			children = (
				6E9BB20623C6574500AB77A0 /* ConversorMoedasUITests.swift */,
				6E9BB20823C6574500AB77A0 /* Info.plist */,
			);
			path = ConversorMoedasUITests;
			sourceTree = "<group>";
		};
		6E9BB21623C65A8E00AB77A0 /* controllers */ = {
			isa = PBXGroup;
			children = (
				6E9BB21423C658A600AB77A0 /* LoginController.swift */,
				6EF7701D23C676B600B8D266 /* CambioConverter.swift */,
				6E587AF223C91AF1007B729F /* HistoricoController.swift */,
			);
			path = controllers;
			sourceTree = "<group>";
		};
		6EF7701A23C6632D00B8D266 /* components */ = {
			isa = PBXGroup;
			children = (
				6EF7701B23C6633C00B8D266 /* Button.swift */,
			);
			path = components;
			sourceTree = "<group>";
		};
		6EF7705E23C681AE00B8D266 /* cells */ = {
			isa = PBXGroup;
			children = (
				6EF7705F23C681CA00B8D266 /* CambioCell.swift */,
				6E587AF023C91905007B729F /* HistoricoCell.swift */,
			);
			path = cells;
			sourceTree = "<group>";
		};
/* End PBXGroup section */

/* Begin PBXNativeTarget section */
		6E9BB1DD23C6574300AB77A0 /* ConversorMoedas */ = {
			isa = PBXNativeTarget;
			buildConfigurationList = 6E9BB20B23C6574500AB77A0 /* Build configuration list for PBXNativeTarget "ConversorMoedas" */;
			buildPhases = (
				4417B3DD73B846C590115729 /* [CP] Check Pods Manifest.lock */,
				6E9BB1DA23C6574300AB77A0 /* Sources */,
				6E9BB1DB23C6574300AB77A0 /* Frameworks */,
				6E9BB1DC23C6574300AB77A0 /* Resources */,
				2C5678BEF62E63F7C7F7E027 /* [CP] Embed Pods Frameworks */,
			);
			buildRules = (
			);
			dependencies = (
			);
			name = ConversorMoedas;
			productName = ConversorMoedas;
			productReference = 6E9BB1DE23C6574300AB77A0 /* ConversorMoedas.app */;
			productType = "com.apple.product-type.application";
		};
		6E9BB1F623C6574500AB77A0 /* ConversorMoedasTests */ = {
			isa = PBXNativeTarget;
			buildConfigurationList = 6E9BB20E23C6574500AB77A0 /* Build configuration list for PBXNativeTarget "ConversorMoedasTests" */;
			buildPhases = (
				05C0DAF343D015430AA471A3 /* [CP] Check Pods Manifest.lock */,
				6E9BB1F323C6574500AB77A0 /* Sources */,
				6E9BB1F423C6574500AB77A0 /* Frameworks */,
				6E9BB1F523C6574500AB77A0 /* Resources */,
			);
			buildRules = (
			);
			dependencies = (
				6E9BB1F923C6574500AB77A0 /* PBXTargetDependency */,
			);
			name = ConversorMoedasTests;
			productName = ConversorMoedasTests;
			productReference = 6E9BB1F723C6574500AB77A0 /* ConversorMoedasTests.xctest */;
			productType = "com.apple.product-type.bundle.unit-test";
		};
		6E9BB20123C6574500AB77A0 /* ConversorMoedasUITests */ = {
			isa = PBXNativeTarget;
			buildConfigurationList = 6E9BB21123C6574500AB77A0 /* Build configuration list for PBXNativeTarget "ConversorMoedasUITests" */;
			buildPhases = (
				6E9BB1FE23C6574500AB77A0 /* Sources */,
				6E9BB1FF23C6574500AB77A0 /* Frameworks */,
				6E9BB20023C6574500AB77A0 /* Resources */,
			);
			buildRules = (
			);
			dependencies = (
				6E9BB20423C6574500AB77A0 /* PBXTargetDependency */,
			);
			name = ConversorMoedasUITests;
			productName = ConversorMoedasUITests;
			productReference = 6E9BB20223C6574500AB77A0 /* ConversorMoedasUITests.xctest */;
			productType = "com.apple.product-type.bundle.ui-testing";
		};
/* End PBXNativeTarget section */

/* Begin PBXProject section */
		6E9BB1D623C6574300AB77A0 /* Project object */ = {
			isa = PBXProject;
			attributes = {
				LastSwiftUpdateCheck = 1120;
				LastUpgradeCheck = 1120;
				ORGANIZATIONNAME = "Rodrigo Luiz Comiyante Leao";
				TargetAttributes = {
					6E9BB1DD23C6574300AB77A0 = {
						CreatedOnToolsVersion = 11.2.1;
					};
					6E9BB1F623C6574500AB77A0 = {
						CreatedOnToolsVersion = 11.2.1;
						TestTargetID = 6E9BB1DD23C6574300AB77A0;
					};
					6E9BB20123C6574500AB77A0 = {
						CreatedOnToolsVersion = 11.2.1;
						TestTargetID = 6E9BB1DD23C6574300AB77A0;
					};
				};
			};
			buildConfigurationList = 6E9BB1D923C6574300AB77A0 /* Build configuration list for PBXProject "ConversorMoedas" */;
			compatibilityVersion = "Xcode 9.3";
			developmentRegion = en;
			hasScannedForEncodings = 0;
			knownRegions = (
				en,
				Base,
			);
			mainGroup = 6E9BB1D523C6574300AB77A0;
			productRefGroup = 6E9BB1DF23C6574300AB77A0 /* Products */;
			projectDirPath = "";
			projectRoot = "";
			targets = (
				6E9BB1DD23C6574300AB77A0 /* ConversorMoedas */,
				6E9BB1F623C6574500AB77A0 /* ConversorMoedasTests */,
				6E9BB20123C6574500AB77A0 /* ConversorMoedasUITests */,
			);
		};
/* End PBXProject section */

/* Begin PBXResourcesBuildPhase section */
		6E9BB1DC23C6574300AB77A0 /* Resources */ = {
			isa = PBXResourcesBuildPhase;
			buildActionMask = 2147483647;
			files = (
				6E9BB1F123C6574400AB77A0 /* LaunchScreen.storyboard in Resources */,
				6E9BB1EE23C6574400AB77A0 /* Assets.xcassets in Resources */,
				6E9BB1E923C6574300AB77A0 /* Main.storyboard in Resources */,
			);
			runOnlyForDeploymentPostprocessing = 0;
		};
		6E9BB1F523C6574500AB77A0 /* Resources */ = {
			isa = PBXResourcesBuildPhase;
			buildActionMask = 2147483647;
			files = (
			);
			runOnlyForDeploymentPostprocessing = 0;
		};
		6E9BB20023C6574500AB77A0 /* Resources */ = {
			isa = PBXResourcesBuildPhase;
			buildActionMask = 2147483647;
			files = (
			);
			runOnlyForDeploymentPostprocessing = 0;
		};
/* End PBXResourcesBuildPhase section */

/* Begin PBXShellScriptBuildPhase section */
		05C0DAF343D015430AA471A3 /* [CP] Check Pods Manifest.lock */ = {
			isa = PBXShellScriptBuildPhase;
			buildActionMask = 2147483647;
			files = (
			);
			inputFileListPaths = (
			);
			inputPaths = (
				"${PODS_PODFILE_DIR_PATH}/Podfile.lock",
				"${PODS_ROOT}/Manifest.lock",
			);
			name = "[CP] Check Pods Manifest.lock";
			outputFileListPaths = (
			);
			outputPaths = (
				"$(DERIVED_FILE_DIR)/Pods-ConversorMoedasTests-checkManifestLockResult.txt",
			);
			runOnlyForDeploymentPostprocessing = 0;
			shellPath = /bin/sh;
			shellScript = "diff \"${PODS_PODFILE_DIR_PATH}/Podfile.lock\" \"${PODS_ROOT}/Manifest.lock\" > /dev/null\nif [ $? != 0 ] ; then\n    # print error to STDERR\n    echo \"error: The sandbox is not in sync with the Podfile.lock. Run 'pod install' or update your CocoaPods installation.\" >&2\n    exit 1\nfi\n# This output is used by Xcode 'outputs' to avoid re-running this script phase.\necho \"SUCCESS\" > \"${SCRIPT_OUTPUT_FILE_0}\"\n";
			showEnvVarsInLog = 0;
		};
		2C5678BEF62E63F7C7F7E027 /* [CP] Embed Pods Frameworks */ = {
			isa = PBXShellScriptBuildPhase;
			buildActionMask = 2147483647;
			files = (
			);
			inputFileListPaths = (
				"${PODS_ROOT}/Target Support Files/Pods-ConversorMoedas/Pods-ConversorMoedas-frameworks-${CONFIGURATION}-input-files.xcfilelist",
			);
			name = "[CP] Embed Pods Frameworks";
			outputFileListPaths = (
				"${PODS_ROOT}/Target Support Files/Pods-ConversorMoedas/Pods-ConversorMoedas-frameworks-${CONFIGURATION}-output-files.xcfilelist",
			);
			runOnlyForDeploymentPostprocessing = 0;
			shellPath = /bin/sh;
			shellScript = "\"${PODS_ROOT}/Target Support Files/Pods-ConversorMoedas/Pods-ConversorMoedas-frameworks.sh\"\n";
			showEnvVarsInLog = 0;
		};
		4417B3DD73B846C590115729 /* [CP] Check Pods Manifest.lock */ = {
			isa = PBXShellScriptBuildPhase;
			buildActionMask = 2147483647;
			files = (
			);
			inputFileListPaths = (
			);
			inputPaths = (
				"${PODS_PODFILE_DIR_PATH}/Podfile.lock",
				"${PODS_ROOT}/Manifest.lock",
			);
			name = "[CP] Check Pods Manifest.lock";
			outputFileListPaths = (
			);
			outputPaths = (
				"$(DERIVED_FILE_DIR)/Pods-ConversorMoedas-checkManifestLockResult.txt",
			);
			runOnlyForDeploymentPostprocessing = 0;
			shellPath = /bin/sh;
			shellScript = "diff \"${PODS_PODFILE_DIR_PATH}/Podfile.lock\" \"${PODS_ROOT}/Manifest.lock\" > /dev/null\nif [ $? != 0 ] ; then\n    # print error to STDERR\n    echo \"error: The sandbox is not in sync with the Podfile.lock. Run 'pod install' or update your CocoaPods installation.\" >&2\n    exit 1\nfi\n# This output is used by Xcode 'outputs' to avoid re-running this script phase.\necho \"SUCCESS\" > \"${SCRIPT_OUTPUT_FILE_0}\"\n";
			showEnvVarsInLog = 0;
		};
/* End PBXShellScriptBuildPhase section */

/* Begin PBXSourcesBuildPhase section */
		6E9BB1DA23C6574300AB77A0 /* Sources */ = {
			isa = PBXSourcesBuildPhase;
			buildActionMask = 2147483647;
			files = (
				6E587AF123C91905007B729F /* HistoricoCell.swift in Sources */,
				6E9BB1E623C6574300AB77A0 /* ViewController.swift in Sources */,
				6EF7701C23C6633C00B8D266 /* Button.swift in Sources */,
				6EF7706023C681CA00B8D266 /* CambioCell.swift in Sources */,
				6E9BB1E223C6574300AB77A0 /* AppDelegate.swift in Sources */,
				6E9BB1EC23C6574300AB77A0 /* ConversorMoedas.xcdatamodeld in Sources */,
				6EF7701E23C676B600B8D266 /* CambioConverter.swift in Sources */,
				6E587AF323C91AF1007B729F /* HistoricoController.swift in Sources */,
				6E9BB1E423C6574300AB77A0 /* SceneDelegate.swift in Sources */,
				6E174CC823C7C24E000EBFB9 /* Moeda.swift in Sources */,
				6E9BB21523C658A600AB77A0 /* LoginController.swift in Sources */,
				483F0A342341D37B18A58464 /* Historico.swift in Sources */,
			);
			runOnlyForDeploymentPostprocessing = 0;
		};
		6E9BB1F323C6574500AB77A0 /* Sources */ = {
			isa = PBXSourcesBuildPhase;
			buildActionMask = 2147483647;
			files = (
				6E9BB1FC23C6574500AB77A0 /* ConversorMoedasTests.swift in Sources */,
			);
			runOnlyForDeploymentPostprocessing = 0;
		};
		6E9BB1FE23C6574500AB77A0 /* Sources */ = {
			isa = PBXSourcesBuildPhase;
			buildActionMask = 2147483647;
			files = (
				6E9BB20723C6574500AB77A0 /* ConversorMoedasUITests.swift in Sources */,
			);
			runOnlyForDeploymentPostprocessing = 0;
		};
/* End PBXSourcesBuildPhase section */

/* Begin PBXTargetDependency section */
		6E9BB1F923C6574500AB77A0 /* PBXTargetDependency */ = {
			isa = PBXTargetDependency;
			target = 6E9BB1DD23C6574300AB77A0 /* ConversorMoedas */;
			targetProxy = 6E9BB1F823C6574500AB77A0 /* PBXContainerItemProxy */;
		};
		6E9BB20423C6574500AB77A0 /* PBXTargetDependency */ = {
			isa = PBXTargetDependency;
			target = 6E9BB1DD23C6574300AB77A0 /* ConversorMoedas */;
			targetProxy = 6E9BB20323C6574500AB77A0 /* PBXContainerItemProxy */;
		};
/* End PBXTargetDependency section */

/* Begin PBXVariantGroup section */
		6E9BB1E723C6574300AB77A0 /* Main.storyboard */ = {
			isa = PBXVariantGroup;
			children = (
				6E9BB1E823C6574300AB77A0 /* Base */,
			);
			name = Main.storyboard;
			sourceTree = "<group>";
		};
		6E9BB1EF23C6574400AB77A0 /* LaunchScreen.storyboard */ = {
			isa = PBXVariantGroup;
			children = (
				6E9BB1F023C6574400AB77A0 /* Base */,
			);
			name = LaunchScreen.storyboard;
			sourceTree = "<group>";
		};
/* End PBXVariantGroup section */

/* Begin XCBuildConfiguration section */
		6E9BB20923C6574500AB77A0 /* Debug */ = {
			isa = XCBuildConfiguration;
			buildSettings = {
				ALWAYS_SEARCH_USER_PATHS = NO;
				CLANG_ANALYZER_NONNULL = YES;
				CLANG_ANALYZER_NUMBER_OBJECT_CONVERSION = YES_AGGRESSIVE;
				CLANG_CXX_LANGUAGE_STANDARD = "gnu++14";
				CLANG_CXX_LIBRARY = "libc++";
				CLANG_ENABLE_MODULES = YES;
				CLANG_ENABLE_OBJC_ARC = YES;
				CLANG_ENABLE_OBJC_WEAK = YES;
				CLANG_WARN_BLOCK_CAPTURE_AUTORELEASING = YES;
				CLANG_WARN_BOOL_CONVERSION = YES;
				CLANG_WARN_COMMA = YES;
				CLANG_WARN_CONSTANT_CONVERSION = YES;
				CLANG_WARN_DEPRECATED_OBJC_IMPLEMENTATIONS = YES;
				CLANG_WARN_DIRECT_OBJC_ISA_USAGE = YES_ERROR;
				CLANG_WARN_DOCUMENTATION_COMMENTS = YES;
				CLANG_WARN_EMPTY_BODY = YES;
				CLANG_WARN_ENUM_CONVERSION = YES;
				CLANG_WARN_INFINITE_RECURSION = YES;
				CLANG_WARN_INT_CONVERSION = YES;
				CLANG_WARN_NON_LITERAL_NULL_CONVERSION = YES;
				CLANG_WARN_OBJC_IMPLICIT_RETAIN_SELF = YES;
				CLANG_WARN_OBJC_LITERAL_CONVERSION = YES;
				CLANG_WARN_OBJC_ROOT_CLASS = YES_ERROR;
				CLANG_WARN_RANGE_LOOP_ANALYSIS = YES;
				CLANG_WARN_STRICT_PROTOTYPES = YES;
				CLANG_WARN_SUSPICIOUS_MOVE = YES;
				CLANG_WARN_UNGUARDED_AVAILABILITY = YES_AGGRESSIVE;
				CLANG_WARN_UNREACHABLE_CODE = YES;
				CLANG_WARN__DUPLICATE_METHOD_MATCH = YES;
				COPY_PHASE_STRIP = NO;
				DEBUG_INFORMATION_FORMAT = dwarf;
				ENABLE_STRICT_OBJC_MSGSEND = YES;
				ENABLE_TESTABILITY = YES;
				GCC_C_LANGUAGE_STANDARD = gnu11;
				GCC_DYNAMIC_NO_PIC = NO;
				GCC_NO_COMMON_BLOCKS = YES;
				GCC_OPTIMIZATION_LEVEL = 0;
				GCC_PREPROCESSOR_DEFINITIONS = (
					"DEBUG=1",
					"$(inherited)",
				);
				GCC_WARN_64_TO_32_BIT_CONVERSION = YES;
				GCC_WARN_ABOUT_RETURN_TYPE = YES_ERROR;
				GCC_WARN_UNDECLARED_SELECTOR = YES;
				GCC_WARN_UNINITIALIZED_AUTOS = YES_AGGRESSIVE;
				GCC_WARN_UNUSED_FUNCTION = YES;
				GCC_WARN_UNUSED_VARIABLE = YES;
				IPHONEOS_DEPLOYMENT_TARGET = 13.2;
				MTL_ENABLE_DEBUG_INFO = INCLUDE_SOURCE;
				MTL_FAST_MATH = YES;
				ONLY_ACTIVE_ARCH = YES;
				SDKROOT = iphoneos;
				SWIFT_ACTIVE_COMPILATION_CONDITIONS = DEBUG;
				SWIFT_OPTIMIZATION_LEVEL = "-Onone";
			};
			name = Debug;
		};
		6E9BB20A23C6574500AB77A0 /* Release */ = {
			isa = XCBuildConfiguration;
			buildSettings = {
				ALWAYS_SEARCH_USER_PATHS = NO;
				CLANG_ANALYZER_NONNULL = YES;
				CLANG_ANALYZER_NUMBER_OBJECT_CONVERSION = YES_AGGRESSIVE;
				CLANG_CXX_LANGUAGE_STANDARD = "gnu++14";
				CLANG_CXX_LIBRARY = "libc++";
				CLANG_ENABLE_MODULES = YES;
				CLANG_ENABLE_OBJC_ARC = YES;
				CLANG_ENABLE_OBJC_WEAK = YES;
				CLANG_WARN_BLOCK_CAPTURE_AUTORELEASING = YES;
				CLANG_WARN_BOOL_CONVERSION = YES;
				CLANG_WARN_COMMA = YES;
				CLANG_WARN_CONSTANT_CONVERSION = YES;
				CLANG_WARN_DEPRECATED_OBJC_IMPLEMENTATIONS = YES;
				CLANG_WARN_DIRECT_OBJC_ISA_USAGE = YES_ERROR;
				CLANG_WARN_DOCUMENTATION_COMMENTS = YES;
				CLANG_WARN_EMPTY_BODY = YES;
				CLANG_WARN_ENUM_CONVERSION = YES;
				CLANG_WARN_INFINITE_RECURSION = YES;
				CLANG_WARN_INT_CONVERSION = YES;
				CLANG_WARN_NON_LITERAL_NULL_CONVERSION = YES;
				CLANG_WARN_OBJC_IMPLICIT_RETAIN_SELF = YES;
				CLANG_WARN_OBJC_LITERAL_CONVERSION = YES;
				CLANG_WARN_OBJC_ROOT_CLASS = YES_ERROR;
				CLANG_WARN_RANGE_LOOP_ANALYSIS = YES;
				CLANG_WARN_STRICT_PROTOTYPES = YES;
				CLANG_WARN_SUSPICIOUS_MOVE = YES;
				CLANG_WARN_UNGUARDED_AVAILABILITY = YES_AGGRESSIVE;
				CLANG_WARN_UNREACHABLE_CODE = YES;
				CLANG_WARN__DUPLICATE_METHOD_MATCH = YES;
				COPY_PHASE_STRIP = NO;
				DEBUG_INFORMATION_FORMAT = "dwarf-with-dsym";
				ENABLE_NS_ASSERTIONS = NO;
				ENABLE_STRICT_OBJC_MSGSEND = YES;
				GCC_C_LANGUAGE_STANDARD = gnu11;
				GCC_NO_COMMON_BLOCKS = YES;
				GCC_WARN_64_TO_32_BIT_CONVERSION = YES;
				GCC_WARN_ABOUT_RETURN_TYPE = YES_ERROR;
				GCC_WARN_UNDECLARED_SELECTOR = YES;
				GCC_WARN_UNINITIALIZED_AUTOS = YES_AGGRESSIVE;
				GCC_WARN_UNUSED_FUNCTION = YES;
				GCC_WARN_UNUSED_VARIABLE = YES;
				IPHONEOS_DEPLOYMENT_TARGET = 13.2;
				MTL_ENABLE_DEBUG_INFO = NO;
				MTL_FAST_MATH = YES;
				SDKROOT = iphoneos;
				SWIFT_COMPILATION_MODE = wholemodule;
				SWIFT_OPTIMIZATION_LEVEL = "-O";
				VALIDATE_PRODUCT = YES;
			};
			name = Release;
		};
		6E9BB20C23C6574500AB77A0 /* Debug */ = {
			isa = XCBuildConfiguration;
			baseConfigurationReference = CD082F13FA13E097535527ED /* Pods-ConversorMoedas.debug.xcconfig */;
			buildSettings = {
				ASSETCATALOG_COMPILER_APPICON_NAME = AppIcon;
				CODE_SIGN_STYLE = Automatic;
				DEVELOPMENT_TEAM = QDH2R688W5;
				INFOPLIST_FILE = ConversorMoedas/Info.plist;
				IPHONEOS_DEPLOYMENT_TARGET = 13.0;
				LD_RUNPATH_SEARCH_PATHS = (
					"$(inherited)",
					"@executable_path/Frameworks",
				);
				PRODUCT_BUNDLE_IDENTIFIER = teste.ConversorMoefwddas;
				PRODUCT_NAME = "$(TARGET_NAME)";
				SWIFT_VERSION = 4.0;
				TARGETED_DEVICE_FAMILY = "1,2";
			};
			name = Debug;
		};
		6E9BB20D23C6574500AB77A0 /* Release */ = {
			isa = XCBuildConfiguration;
			baseConfigurationReference = DA753920CF1C9C0783D1B609 /* Pods-ConversorMoedas.release.xcconfig */;
			buildSettings = {
				ASSETCATALOG_COMPILER_APPICON_NAME = AppIcon;
				CODE_SIGN_STYLE = Automatic;
				DEVELOPMENT_TEAM = QDH2R688W5;
				INFOPLIST_FILE = ConversorMoedas/Info.plist;
				IPHONEOS_DEPLOYMENT_TARGET = 13.0;
				LD_RUNPATH_SEARCH_PATHS = (
					"$(inherited)",
					"@executable_path/Frameworks",
				);
				PRODUCT_BUNDLE_IDENTIFIER = teste.ConversorMoefwddas;
				PRODUCT_NAME = "$(TARGET_NAME)";
				SWIFT_VERSION = 4.0;
				TARGETED_DEVICE_FAMILY = "1,2";
			};
			name = Release;
		};
		6E9BB20F23C6574500AB77A0 /* Debug */ = {
			isa = XCBuildConfiguration;
			baseConfigurationReference = A06874E26C46BC132A4E3CBE /* Pods-ConversorMoedasTests.debug.xcconfig */;
			buildSettings = {
				ALWAYS_EMBED_SWIFT_STANDARD_LIBRARIES = YES;
				BUNDLE_LOADER = "$(TEST_HOST)";
				CODE_SIGN_STYLE = Automatic;
				DEVELOPMENT_TEAM = 47UT4R97SY;
				INFOPLIST_FILE = ConversorMoedasTests/Info.plist;
				IPHONEOS_DEPLOYMENT_TARGET = 13.2;
				LD_RUNPATH_SEARCH_PATHS = (
					"$(inherited)",
					"@executable_path/Frameworks",
					"@loader_path/Frameworks",
				);
				PRODUCT_BUNDLE_IDENTIFIER = teste.ConversorMoedasTests;
				PRODUCT_NAME = "$(TARGET_NAME)";
				SWIFT_VERSION = 5.0;
				TARGETED_DEVICE_FAMILY = "1,2";
				TEST_HOST = "$(BUILT_PRODUCTS_DIR)/ConversorMoedas.app/ConversorMoedas";
			};
			name = Debug;
		};
		6E9BB21023C6574500AB77A0 /* Release */ = {
			isa = XCBuildConfiguration;
			baseConfigurationReference = 0A64E7012836070944CDB022 /* Pods-ConversorMoedasTests.release.xcconfig */;
			buildSettings = {
				ALWAYS_EMBED_SWIFT_STANDARD_LIBRARIES = YES;
				BUNDLE_LOADER = "$(TEST_HOST)";
				CODE_SIGN_STYLE = Automatic;
				DEVELOPMENT_TEAM = 47UT4R97SY;
				INFOPLIST_FILE = ConversorMoedasTests/Info.plist;
				IPHONEOS_DEPLOYMENT_TARGET = 13.2;
				LD_RUNPATH_SEARCH_PATHS = (
					"$(inherited)",
					"@executable_path/Frameworks",
					"@loader_path/Frameworks",
				);
				PRODUCT_BUNDLE_IDENTIFIER = teste.ConversorMoedasTests;
				PRODUCT_NAME = "$(TARGET_NAME)";
				SWIFT_VERSION = 5.0;
				TARGETED_DEVICE_FAMILY = "1,2";
				TEST_HOST = "$(BUILT_PRODUCTS_DIR)/ConversorMoedas.app/ConversorMoedas";
			};
			name = Release;
		};
		6E9BB21223C6574500AB77A0 /* Debug */ = {
			isa = XCBuildConfiguration;
			buildSettings = {
				ALWAYS_EMBED_SWIFT_STANDARD_LIBRARIES = YES;
				CODE_SIGN_STYLE = Automatic;
				DEVELOPMENT_TEAM = 47UT4R97SY;
				INFOPLIST_FILE = ConversorMoedasUITests/Info.plist;
				LD_RUNPATH_SEARCH_PATHS = (
					"$(inherited)",
					"@executable_path/Frameworks",
					"@loader_path/Frameworks",
				);
				PRODUCT_BUNDLE_IDENTIFIER = teste.ConversorMoedasUITests;
				PRODUCT_NAME = "$(TARGET_NAME)";
				SWIFT_VERSION = 5.0;
				TARGETED_DEVICE_FAMILY = "1,2";
				TEST_TARGET_NAME = ConversorMoedas;
			};
			name = Debug;
		};
		6E9BB21323C6574500AB77A0 /* Release */ = {
			isa = XCBuildConfiguration;
			buildSettings = {
				ALWAYS_EMBED_SWIFT_STANDARD_LIBRARIES = YES;
				CODE_SIGN_STYLE = Automatic;
				DEVELOPMENT_TEAM = 47UT4R97SY;
				INFOPLIST_FILE = ConversorMoedasUITests/Info.plist;
				LD_RUNPATH_SEARCH_PATHS = (
					"$(inherited)",
					"@executable_path/Frameworks",
					"@loader_path/Frameworks",
				);
				PRODUCT_BUNDLE_IDENTIFIER = teste.ConversorMoedasUITests;
				PRODUCT_NAME = "$(TARGET_NAME)";
				SWIFT_VERSION = 5.0;
				TARGETED_DEVICE_FAMILY = "1,2";
				TEST_TARGET_NAME = ConversorMoedas;
			};
			name = Release;
		};
/* End XCBuildConfiguration section */

/* Begin XCConfigurationList section */
		6E9BB1D923C6574300AB77A0 /* Build configuration list for PBXProject "ConversorMoedas" */ = {
			isa = XCConfigurationList;
			buildConfigurations = (
				6E9BB20923C6574500AB77A0 /* Debug */,
				6E9BB20A23C6574500AB77A0 /* Release */,
			);
			defaultConfigurationIsVisible = 0;
			defaultConfigurationName = Release;
		};
		6E9BB20B23C6574500AB77A0 /* Build configuration list for PBXNativeTarget "ConversorMoedas" */ = {
			isa = XCConfigurationList;
			buildConfigurations = (
				6E9BB20C23C6574500AB77A0 /* Debug */,
				6E9BB20D23C6574500AB77A0 /* Release */,
			);
			defaultConfigurationIsVisible = 0;
			defaultConfigurationName = Release;
		};
		6E9BB20E23C6574500AB77A0 /* Build configuration list for PBXNativeTarget "ConversorMoedasTests" */ = {
			isa = XCConfigurationList;
			buildConfigurations = (
				6E9BB20F23C6574500AB77A0 /* Debug */,
				6E9BB21023C6574500AB77A0 /* Release */,
			);
			defaultConfigurationIsVisible = 0;
			defaultConfigurationName = Release;
		};
		6E9BB21123C6574500AB77A0 /* Build configuration list for PBXNativeTarget "ConversorMoedasUITests" */ = {
			isa = XCConfigurationList;
			buildConfigurations = (
				6E9BB21223C6574500AB77A0 /* Debug */,
				6E9BB21323C6574500AB77A0 /* Release */,
			);
			defaultConfigurationIsVisible = 0;
			defaultConfigurationName = Release;
		};
/* End XCConfigurationList section */

/* Begin XCVersionGroup section */
		6E9BB1EA23C6574300AB77A0 /* ConversorMoedas.xcdatamodeld */ = {
			isa = XCVersionGroup;
			children = (
				6E9BB1EB23C6574300AB77A0 /* ConversorMoedas.xcdatamodel */,
			);
			currentVersion = 6E9BB1EB23C6574300AB77A0 /* ConversorMoedas.xcdatamodel */;
			path = ConversorMoedas.xcdatamodeld;
			sourceTree = "<group>";
			versionGroupType = wrapper.xcdatamodel;
		};
/* End XCVersionGroup section */
	};
	rootObject = 6E9BB1D623C6574300AB77A0 /* Project object */;
}
